
Microsoft Visual Studio Solution File, Format Version 12.00
# Visual Studio Version 17
VisualStudioVersion = 17.5.33502.453
MinimumVisualStudioVersion = 10.0.40219.1
Project("{FAE04EC0-301F-11D3-BF4B-00C04F79EFBC}") = "PizzaciSon1Mutfak", "PizzaciSon1Mutfak.csproj", "{D10F171B-8697-4207-B667-C151FA372068}"
EndProject
Global
	GlobalSection(SolutionConfigurationPlatforms) = preSolution
		Debug|Any CPU = Debug|Any CPU
		Release|Any CPU = Release|Any CPU
	EndGlobalSection
	GlobalSection(ProjectConfigurationPlatforms) = postSolution
		{D10F171B-8697-4207-B667-C151FA372068}.Debug|Any CPU.ActiveCfg = Debug|Any CPU
		{D10F171B-8697-4207-B667-C151FA372068}.Debug|Any CPU.Build.0 = Debug|Any CPU
		{D10F171B-8697-4207-B667-C151FA372068}.Release|Any CPU.ActiveCfg = Release|Any CPU
		{D10F171B-8697-4207-B667-C151FA372068}.Release|Any CPU.Build.0 = Release|Any CPU
	EndGlobalSection
	GlobalSection(SolutionProperties) = preSolution
		HideSolutionNode = FALSE
	EndGlobalSection
	GlobalSection(ExtensibilityGlobals) = postSolution
		SolutionGuid = {229D151B-2AF8-4E70-A6E3-ECC86B20AA48}
	EndGlobalSection
EndGlobal
